
Microsoft Visual Studio Solution File, Format Version 12.00
# Visual Studio Version 16
VisualStudioVersion = 16.0.31105.61
MinimumVisualStudioVersion = 10.0.40219.1
Project("{FAE04EC0-301F-11D3-BF4B-00C04F79EFBC}") = "Michelin", "Michelin.csproj", "{09813F70-6701-4FDA-85EB-1BB2278ED21F}"
EndProject
Global
	GlobalSection(SolutionConfigurationPlatforms) = preSolution
		Debug|Any CPU = Debug|Any CPU
		Release|Any CPU = Release|Any CPU
	EndGlobalSection
	GlobalSection(ProjectConfigurationPlatforms) = postSolution
		{09813F70-6701-4FDA-85EB-1BB2278ED21F}.Debug|Any CPU.ActiveCfg = Debug|Any CPU
		{09813F70-6701-4FDA-85EB-1BB2278ED21F}.Debug|Any CPU.Build.0 = Debug|Any CPU
		{09813F70-6701-4FDA-85EB-1BB2278ED21F}.Release|Any CPU.ActiveCfg = Release|Any CPU
		{09813F70-6701-4FDA-85EB-1BB2278ED21F}.Release|Any CPU.Build.0 = Release|Any CPU
	EndGlobalSection
	GlobalSection(SolutionProperties) = preSolution
		HideSolutionNode = FALSE
	EndGlobalSection
	GlobalSection(ExtensibilityGlobals) = postSolution
		SolutionGuid = {B87CE847-5B22-4105-8637-5086BAD496EC}
	EndGlobalSection
EndGlobal
